<?xml version="1.0" encoding="utf-8"?>
<Project ToolsVersion="4.0" xmlns="http://schemas.microsoft.com/developer/msbuild/2003">
  <ItemGroup>
    <Filter Include="Network">
      <UniqueIdentifier>{4FC737F1-C7A5-4376-A066-2A32D752A2FF}</UniqueIdentifier>
      <Extensions>cpp;c;cc;cxx;c++;cppm;ixx;def;odl;idl;hpj;bat;asm;asmx</Extensions>
    </Filter>
    <Filter Include="proto">
      <UniqueIdentifier>{67DA6AB6-F800-4c08-8B7A-83BB121AAD01}</UniqueIdentifier>
      <Extensions>rc;ico;cur;bmp;dlg;rc2;rct;bin;rgs;gif;jpg;jpeg;jpe;resx;tiff;tif;png;wav;mfcribbon-ms</Extensions>
    </Filter>
    <Filter Include="packet">
      <UniqueIdentifier>{32219a4b-a315-4dba-a9ec-ba8e20c55a77}</UniqueIdentifier>
    </Filter>
    <Filter Include="Serializer">
      <UniqueIdentifier>{27857932-253a-4413-b1df-b12e3c81c2dd}</UniqueIdentifier>
    </Filter>
    <Filter Include="Logic">
      <UniqueIdentifier>{314c6ef9-d3ed-4d03-91de-b78ddffb69a3}</UniqueIdentifier>
    </Filter>
  </ItemGroup>
  <ItemGroup>
    <ClCompile Include="main.cpp" />
    <ClCompile Include="SampleServer.cpp" />
    <ClCompile Include="GameSessionHandler.cpp">
      <Filter>Network</Filter>
    </ClCompile>
    <ClCompile Include="GamePacketHandler.cpp">
      <Filter>Network</Filter>
    </ClCompile>
    <ClCompile Include="GamePacketHandleFuncList.cpp">
      <Filter>Network</Filter>
    </ClCompile>
    <ClCompile Include="..\Packet\GamePacket\Cpp\GamaPacket.pb.cc">
      <Filter>packet</Filter>
    </ClCompile>
    <ClCompile Include="World.cpp" />
    <ClCompile Include="User.cpp" />
    <ClCompile Include="SerializerInfo.h">
      <Filter>Serializer</Filter>
    </ClCompile>
    <ClCompile Include="RoomSerializeObject.cpp">
      <Filter>Serializer</Filter>
    </ClCompile>
    <ClCompile Include="WorldSerializeObject.cpp">
      <Filter>Serializer</Filter>
    </ClCompile>
    <ClCompile Include="Room.cpp">
      <Filter>Logic</Filter>
    </ClCompile>
    <ClCompile Include="RoomManager.cpp">
      <Filter>Logic</Filter>
    </ClCompile>
    <ClCompile Include="RoomCommon.h">
      <Filter>Logic</Filter>
    </ClCompile>
  </ItemGroup>
  <ItemGroup>
    <ClInclude Include="SampleServer.h" />
    <ClInclude Include="GameSessionHandler.h">
      <Filter>Network</Filter>
    </ClInclude>
    <ClInclude Include="GamePacketHandler.h">
      <Filter>Network</Filter>
    </ClInclude>
    <ClInclude Include="GamePacketHandleFuncList.h">
      <Filter>Network</Filter>
    </ClInclude>
    <ClInclude Include="..\Packet\GamePacket\Cpp\GamaPacket.pb.h">
      <Filter>packet</Filter>
    </ClInclude>
    <ClInclude Include="User.h" />
    <ClInclude Include="World.h" />
    <ClInclude Include="RoomSerializeObject.h">
      <Filter>Serializer</Filter>
    </ClInclude>
    <ClInclude Include="WorldSerializeObject.h">
      <Filter>Serializer</Filter>
    </ClInclude>
    <ClInclude Include="Room.h">
      <Filter>Logic</Filter>
    </ClInclude>
    <ClInclude Include="RoomManager.h">
      <Filter>Logic</Filter>
    </ClInclude>
  </ItemGroup>
  <ItemGroup>
    <None Include="..\Packet\GamaPacket.proto">
      <Filter>proto</Filter>
    </None>
    <None Include="..\Packet\EditGamaPacket.proto">
      <Filter>proto</Filter>
    </None>
  </ItemGroup>
</Project>