<?xml version="1.0" encoding="utf-8"?>
<Project ToolsVersion="4.0" xmlns="http://schemas.microsoft.com/developer/msbuild/2003">
  <ItemGroup>
    <ClInclude Include="Logger.h">
      <Filter>Log</Filter>
    </ClInclude>
    <ClInclude Include="LogBuffer.h">
      <Filter>Log</Filter>
    </ClInclude>
    <ClInclude Include="Singleton.hpp">
      <Filter>Util</Filter>
    </ClInclude>
    <ClInclude Include="Consumer.hpp">
      <Filter>Util</Filter>
    </ClInclude>
    <ClInclude Include="LogWorker.h">
      <Filter>Log</Filter>
    </ClInclude>
    <ClInclude Include="LogStream.h">
      <Filter>Log</Filter>
    </ClInclude>
    <ClInclude Include="LogConsoleStream.h">
      <Filter>Log</Filter>
    </ClInclude>
    <ClInclude Include="LogFileStream.h">
      <Filter>Log</Filter>
    </ClInclude>
    <ClInclude Include="Network.h">
      <Filter>Network</Filter>
    </ClInclude>
    <ClInclude Include="Listener.h">
      <Filter>Network</Filter>
    </ClInclude>
    <ClInclude Include="LogBufferPool.h">
      <Filter>Log</Filter>
    </ClInclude>
    <ClInclude Include="NetworkHelper.h">
      <Filter>Network</Filter>
    </ClInclude>
    <ClInclude Include="IOWorker.h">
      <Filter>Network</Filter>
    </ClInclude>
    <ClInclude Include="Session.h">
      <Filter>Network</Filter>
    </ClInclude>
    <ClInclude Include="SessionBuffer.h">
      <Filter>Network</Filter>
    </ClInclude>
    <ClInclude Include="Port.h">
      <Filter>Network</Filter>
    </ClInclude>
    <ClInclude Include="Server.h" />
    <ClInclude Include="SessionHandler.h">
      <Filter>Network</Filter>
    </ClInclude>
    <ClInclude Include="PacketBuffer.h">
      <Filter>Network</Filter>
    </ClInclude>
    <ClInclude Include="PacketBufferHandler.h">
      <Filter>Network</Filter>
    </ClInclude>
    <ClInclude Include="Packet.h">
      <Filter>Network</Filter>
    </ClInclude>
    <ClInclude Include="PacketHandler.h">
      <Filter>Network</Filter>
    </ClInclude>
    <ClInclude Include="StringConverter.h">
      <Filter>Util</Filter>
    </ClInclude>
    <ClInclude Include="Channel.h">
      <Filter>Network</Filter>
    </ClInclude>
    <ClInclude Include="PacketHelper.hpp">
      <Filter>Network</Filter>
    </ClInclude>
    <ClInclude Include="PacketBufferPool.h">
      <Filter>Network</Filter>
    </ClInclude>
    <ClInclude Include="Serializer.h">
      <Filter>Serializer</Filter>
    </ClInclude>
    <ClInclude Include="SerializeObject.h">
      <Filter>Serializer</Filter>
    </ClInclude>
    <ClInclude Include="SerializerManager.h">
      <Filter>Serializer</Filter>
    </ClInclude>
    <ClInclude Include="Timer.h">
      <Filter>Timer</Filter>
    </ClInclude>
    <ClInclude Include="TimerLauncher.h">
      <Filter>Timer</Filter>
    </ClInclude>
    <ClInclude Include="Config.h">
      <Filter>Util</Filter>
    </ClInclude>
    <ClInclude Include="Arguments.h">
      <Filter>Util</Filter>
    </ClInclude>
    <ClInclude Include="ArgumentsHandler.h">
      <Filter>Util</Filter>
    </ClInclude>
    <ClInclude Include="TimeUtil.h">
      <Filter>Timer</Filter>
    </ClInclude>
    <ClInclude Include="SerializerTimer.h">
      <Filter>Serializer</Filter>
    </ClInclude>
    <ClInclude Include="SessionInspector.h">
      <Filter>Network</Filter>
    </ClInclude>
    <ClInclude Include="BadIpBlock.h">
      <Filter>Network</Filter>
    </ClInclude>
    <ClInclude Include="DumpMaker.h">
      <Filter>Util</Filter>
    </ClInclude>
    <ClInclude Include="DataBase.h">
      <Filter>DataBase</Filter>
    </ClInclude>
    <ClInclude Include="MSSQLDB.h">
      <Filter>DataBase</Filter>
    </ClInclude>
    <ClInclude Include="Thread.h">
      <Filter>Thread</Filter>
    </ClInclude>
    <ClInclude Include="ThreadManager.h">
      <Filter>Thread</Filter>
    </ClInclude>
    <ClInclude Include="ThreadHelper.h">
      <Filter>Thread</Filter>
    </ClInclude>
  </ItemGroup>
  <ItemGroup>
    <ClCompile Include="Logger.cpp">
      <Filter>Log</Filter>
    </ClCompile>
    <ClCompile Include="LogBuffer.cpp">
      <Filter>Log</Filter>
    </ClCompile>
    <ClCompile Include="ProducerContainer.hpp">
      <Filter>Util</Filter>
    </ClCompile>
    <ClCompile Include="LogWorker.cpp">
      <Filter>Log</Filter>
    </ClCompile>
    <ClCompile Include="LogConsoleStream.cpp">
      <Filter>Log</Filter>
    </ClCompile>
    <ClCompile Include="LogFileStream.cpp">
      <Filter>Log</Filter>
    </ClCompile>
    <ClCompile Include="TypeDefinition.h">
      <Filter>Util</Filter>
    </ClCompile>
    <ClCompile Include="Network.cpp">
      <Filter>Network</Filter>
    </ClCompile>
    <ClCompile Include="Listener.cpp">
      <Filter>Network</Filter>
    </ClCompile>
    <ClCompile Include="LogBufferPool.cpp">
      <Filter>Log</Filter>
    </ClCompile>
    <ClCompile Include="ObjectPool.hpp">
      <Filter>Util</Filter>
    </ClCompile>
    <ClCompile Include="StopWatch.h">
      <Filter>Util</Filter>
    </ClCompile>
    <ClCompile Include="LogStream.cpp">
      <Filter>Log</Filter>
    </ClCompile>
    <ClCompile Include="NetworkHelper.cpp">
      <Filter>Network</Filter>
    </ClCompile>
    <ClCompile Include="AsyncObject.h">
      <Filter>Network</Filter>
    </ClCompile>
    <ClCompile Include="IOWorker.cpp">
      <Filter>Network</Filter>
    </ClCompile>
    <ClCompile Include="Session.cpp">
      <Filter>Network</Filter>
    </ClCompile>
    <ClCompile Include="SessionBuffer.cpp">
      <Filter>Network</Filter>
    </ClCompile>
    <ClCompile Include="Port.cpp">
      <Filter>Network</Filter>
    </ClCompile>
    <ClCompile Include="Server.cpp" />
    <ClCompile Include="PacketBuffer.cpp">
      <Filter>Network</Filter>
    </ClCompile>
    <ClCompile Include="PacketBufferHandler.cpp">
      <Filter>Network</Filter>
    </ClCompile>
    <ClCompile Include="Packet.cpp">
      <Filter>Network</Filter>
    </ClCompile>
    <ClCompile Include="StringConverter.cpp">
      <Filter>Util</Filter>
    </ClCompile>
    <ClCompile Include="Channel.cpp">
      <Filter>Network</Filter>
    </ClCompile>
    <ClCompile Include="PacketBufferPool.cpp">
      <Filter>Network</Filter>
    </ClCompile>
    <ClCompile Include="Serializer.cpp">
      <Filter>Serializer</Filter>
    </ClCompile>
    <ClCompile Include="SerializeObject.cpp">
      <Filter>Serializer</Filter>
    </ClCompile>
    <ClCompile Include="SerializerManager.cpp">
      <Filter>Serializer</Filter>
    </ClCompile>
    <ClCompile Include="Timer.cpp">
      <Filter>Timer</Filter>
    </ClCompile>
    <ClCompile Include="TimerLauncher.cpp">
      <Filter>Timer</Filter>
    </ClCompile>
    <ClCompile Include="Config.cpp">
      <Filter>Util</Filter>
    </ClCompile>
    <ClCompile Include="Arguments.cpp">
      <Filter>Util</Filter>
    </ClCompile>
    <ClCompile Include="ArgumentsHandler.cpp">
      <Filter>Util</Filter>
    </ClCompile>
    <ClCompile Include="SerializerTimer.cpp">
      <Filter>Serializer</Filter>
    </ClCompile>
    <ClCompile Include="SessionInspector.cpp">
      <Filter>Network</Filter>
    </ClCompile>
    <ClCompile Include="BadIpBlock.cpp">
      <Filter>Network</Filter>
    </ClCompile>
    <ClCompile Include="DumpMaker.cpp">
      <Filter>Util</Filter>
    </ClCompile>
    <ClCompile Include="DataBase.cpp">
      <Filter>DataBase</Filter>
    </ClCompile>
    <ClCompile Include="MSSQLDB.cpp">
      <Filter>DataBase</Filter>
    </ClCompile>
    <ClCompile Include="Thread.cpp">
      <Filter>Thread</Filter>
    </ClCompile>
    <ClCompile Include="ThreadManager.cpp">
      <Filter>Thread</Filter>
    </ClCompile>
    <ClCompile Include="ThreadHelper.cpp">
      <Filter>Thread</Filter>
    </ClCompile>
  </ItemGroup>
  <ItemGroup>
    <Filter Include="Log">
      <UniqueIdentifier>{8c42339b-eedd-4522-91f7-640ed387cf81}</UniqueIdentifier>
    </Filter>
    <Filter Include="Util">
      <UniqueIdentifier>{65eeeb7d-b5e3-43de-a9d1-9277c04ce257}</UniqueIdentifier>
    </Filter>
    <Filter Include="Network">
      <UniqueIdentifier>{84320413-131f-46a1-b702-cc0aafc98bb6}</UniqueIdentifier>
    </Filter>
    <Filter Include="Serializer">
      <UniqueIdentifier>{e9961551-4bb4-4c96-b9d5-332efdfa1620}</UniqueIdentifier>
    </Filter>
    <Filter Include="Timer">
      <UniqueIdentifier>{7b35c05d-2cd7-4c72-896f-c45df6b3d248}</UniqueIdentifier>
    </Filter>
    <Filter Include="DataBase">
      <UniqueIdentifier>{737fb5b4-a45a-45a7-88b1-4080819a0aba}</UniqueIdentifier>
    </Filter>
    <Filter Include="Thread">
      <UniqueIdentifier>{3a0211e8-8bb8-4afa-813a-00abf878e5b2}</UniqueIdentifier>
    </Filter>
  </ItemGroup>
</Project>